
Microsoft Visual Studio Solution File, Format Version 12.00
# Visual Studio Version 16
VisualStudioVersion = 16.0.30225.117
MinimumVisualStudioVersion = 10.0.40219.1
Project("{FAE04EC0-301F-11D3-BF4B-00C04F79EFBC}") = "WebAPI_React_Client", "WebAPI_React_Client\WebAPI_React_Client.csproj", "{67B34411-E786-4594-88B1-716162E35ED3}"
EndProject
Global
	GlobalSection(SolutionConfigurationPlatforms) = preSolution
		Debug|Any CPU = Debug|Any CPU
		Release|Any CPU = Release|Any CPU
	EndGlobalSection
	GlobalSection(ProjectConfigurationPlatforms) = postSolution
		{67B34411-E786-4594-88B1-716162E35ED3}.Debug|Any CPU.ActiveCfg = Debug|Any CPU
		{67B34411-E786-4594-88B1-716162E35ED3}.Debug|Any CPU.Build.0 = Debug|Any CPU
		{67B34411-E786-4594-88B1-716162E35ED3}.Release|Any CPU.ActiveCfg = Release|Any CPU
		{67B34411-E786-4594-88B1-716162E35ED3}.Release|Any CPU.Build.0 = Release|Any CPU
	EndGlobalSection
	GlobalSection(SolutionProperties) = preSolution
		HideSolutionNode = FALSE
	EndGlobalSection
	GlobalSection(ExtensibilityGlobals) = postSolution
		SolutionGuid = {0CB03E21-FAFE-432C-90D3-090C7AB19314}
	EndGlobalSection
EndGlobal
